
Microsoft Visual Studio Solution File, Format Version 11.00
# Visual Studio 2010
# SharpDevelop 4.4
Project("{FAE04EC0-301F-11D3-BF4B-00C04F79EFBC}") = "MP1_TP2", "MP1_TP2\MP1_TP2.csproj", "{701F81FD-CF1B-4C07-BEAB-1E4AD832DD2C}"
EndProject
Global
	GlobalSection(SolutionConfigurationPlatforms) = preSolution
		Debug|Any CPU = Debug|Any CPU
		Release|Any CPU = Release|Any CPU
	EndGlobalSection
	GlobalSection(ProjectConfigurationPlatforms) = postSolution
		{701F81FD-CF1B-4C07-BEAB-1E4AD832DD2C}.Debug|Any CPU.Build.0 = Debug|Any CPU
		{701F81FD-CF1B-4C07-BEAB-1E4AD832DD2C}.Debug|Any CPU.ActiveCfg = Debug|Any CPU
		{701F81FD-CF1B-4C07-BEAB-1E4AD832DD2C}.Release|Any CPU.Build.0 = Release|Any CPU
		{701F81FD-CF1B-4C07-BEAB-1E4AD832DD2C}.Release|Any CPU.ActiveCfg = Release|Any CPU
	EndGlobalSection
EndGlobal
